
Microsoft Visual Studio Solution File, Format Version 12.00
# Visual Studio 15
VisualStudioVersion = 15.0.28307.421
MinimumVisualStudioVersion = 10.0.40219.1
Project("{9A19103F-16F7-4668-BE54-9A1E7A4F7556}") = "ToDoListMvcApplication", "ToDoListMvcApplication\ToDoListMvcApplication.csproj", "{EC19FBBF-7081-40EA-B092-C2D061C2F87C}"
EndProject
Project("{9A19103F-16F7-4668-BE54-9A1E7A4F7556}") = "ToDoListApplication.Data", "ToDoListApplication.Data\ToDoListApplication.Data.csproj", "{2BAF885F-1A35-4ECD-A94F-B3B42D254CD0}"
EndProject
Project("{9A19103F-16F7-4668-BE54-9A1E7A4F7556}") = "ToDoListApplication.Messages", "ToDoListApplication.Contract\ToDoListApplication.Messages.csproj", "{6306EB9D-B030-4E62-A3C5-83285BA2B054}"
EndProject
Project("{9A19103F-16F7-4668-BE54-9A1E7A4F7556}") = "ToDoListApplication.Services", "ToDoListApplication.Services\ToDoListApplication.Services.csproj", "{0C039B83-3138-4EC8-9211-5D03BB90FD66}"
EndProject
Global
	GlobalSection(SolutionConfigurationPlatforms) = preSolution
		Debug|Any CPU = Debug|Any CPU
		Release|Any CPU = Release|Any CPU
	EndGlobalSection
	GlobalSection(ProjectConfigurationPlatforms) = postSolution
		{EC19FBBF-7081-40EA-B092-C2D061C2F87C}.Debug|Any CPU.ActiveCfg = Debug|Any CPU
		{EC19FBBF-7081-40EA-B092-C2D061C2F87C}.Debug|Any CPU.Build.0 = Debug|Any CPU
		{EC19FBBF-7081-40EA-B092-C2D061C2F87C}.Release|Any CPU.ActiveCfg = Release|Any CPU
		{EC19FBBF-7081-40EA-B092-C2D061C2F87C}.Release|Any CPU.Build.0 = Release|Any CPU
		{2BAF885F-1A35-4ECD-A94F-B3B42D254CD0}.Debug|Any CPU.ActiveCfg = Debug|Any CPU
		{2BAF885F-1A35-4ECD-A94F-B3B42D254CD0}.Debug|Any CPU.Build.0 = Debug|Any CPU
		{2BAF885F-1A35-4ECD-A94F-B3B42D254CD0}.Release|Any CPU.ActiveCfg = Release|Any CPU
		{2BAF885F-1A35-4ECD-A94F-B3B42D254CD0}.Release|Any CPU.Build.0 = Release|Any CPU
		{6306EB9D-B030-4E62-A3C5-83285BA2B054}.Debug|Any CPU.ActiveCfg = Debug|Any CPU
		{6306EB9D-B030-4E62-A3C5-83285BA2B054}.Debug|Any CPU.Build.0 = Debug|Any CPU
		{6306EB9D-B030-4E62-A3C5-83285BA2B054}.Release|Any CPU.ActiveCfg = Release|Any CPU
		{6306EB9D-B030-4E62-A3C5-83285BA2B054}.Release|Any CPU.Build.0 = Release|Any CPU
		{0C039B83-3138-4EC8-9211-5D03BB90FD66}.Debug|Any CPU.ActiveCfg = Debug|Any CPU
		{0C039B83-3138-4EC8-9211-5D03BB90FD66}.Debug|Any CPU.Build.0 = Debug|Any CPU
		{0C039B83-3138-4EC8-9211-5D03BB90FD66}.Release|Any CPU.ActiveCfg = Release|Any CPU
		{0C039B83-3138-4EC8-9211-5D03BB90FD66}.Release|Any CPU.Build.0 = Release|Any CPU
	EndGlobalSection
	GlobalSection(SolutionProperties) = preSolution
		HideSolutionNode = FALSE
	EndGlobalSection
	GlobalSection(ExtensibilityGlobals) = postSolution
		SolutionGuid = {640DA1FF-BC8A-45CD-B3EA-46963F3652D6}
	EndGlobalSection
EndGlobal
